uuid: 172651fe-eed8-4996-bfb3-bab42c4170b5
langcode: nl
status: true
dependencies:
  config:
    - core.entity_view_mode.media.small_block
    - field.field.media.image.field_media_image
    - image.style.thumbnail
    - media.type.image
  module:
    - image
    - user
id: media.image.small_block
targetEntityType: media
bundle: image
mode: small_block
content:
  created:
    type: timestamp
    label: hidden
    settings:
      date_format: medium
      custom_date_format: ''
      timezone: ''
      tooltip:
        date_format: long
        custom_date_format: ''
      time_diff:
        enabled: false
        future_format: '@interval hence'
        past_format: '@interval ago'
        granularity: 2
        refresh: 60
    third_party_settings: {  }
    weight: 0
    region: content
  field_media_image:
    type: image
    label: hidden
    settings:
      image_link: ''
      image_style: small_block
      image_loading:
        attribute: lazy
    third_party_settings: {  }
    weight: 0
    region: content
  thumbnail:
    type: image
    label: hidden
    settings:
      image_link: ''
      image_style: thumbnail
      image_loading:
        attribute: lazy
    third_party_settings: {  }
    weight: 5
    region: content
  uid:
    type: author
    label: hidden
    settings: {  }
    third_party_settings: {  }
    weight: 0
    region: content
hidden:
  langcode: true
  name: true
